<?xml version="1.0" encoding="utf-8"?>
<Project ToolsVersion="4.0" xmlns="http://schemas.microsoft.com/developer/msbuild/2003">
  <ItemGroup>
    <Filter Include="win32">
      <UniqueIdentifier>{84a8ebd7-7cf0-47f6-b75e-d441df67da40}</UniqueIdentifier>
    </Filter>
    <Filter Include="resource">
      <UniqueIdentifier>{715254bc-d70b-4ec5-bf29-467dd3ace079}</UniqueIdentifier>
    </Filter>
    <Filter Include="src">
      <UniqueIdentifier>{bb6c862e-70e9-49d9-81b7-3829a6f50471}</UniqueIdentifier>
    </Filter>
    <Filter Include="entity">
      <UniqueIdentifier>{e7aad354-0496-44d7-8549-70ee3865493d}</UniqueIdentifier>
    </Filter>
    <Filter Include="控制器">
      <UniqueIdentifier>{e4ac1a5a-c7ef-49be-a0ad-ddb022e31d87}</UniqueIdentifier>
    </Filter>
    <Filter Include="scene">
      <UniqueIdentifier>{c8e56c58-2953-426c-9079-114a9d18165e}</UniqueIdentifier>
    </Filter>
    <Filter Include="scene\grade">
      <UniqueIdentifier>{2affae4f-49d0-4e03-9d56-cddf3326361f}</UniqueIdentifier>
    </Filter>
    <Filter Include="scene\music">
      <UniqueIdentifier>{3a6ee223-6306-4fc5-9916-05f20af3cfb6}</UniqueIdentifier>
    </Filter>
    <Filter Include="scene\InputName">
      <UniqueIdentifier>{f3e76a07-58ce-48d1-8df6-da44f6f94cdb}</UniqueIdentifier>
    </Filter>
    <Filter Include="scene\NetMenu">
      <UniqueIdentifier>{501252aa-45f8-4df6-92e3-9cc34ecf378b}</UniqueIdentifier>
    </Filter>
    <Filter Include="scene\Room">
      <UniqueIdentifier>{cdd5fc94-3237-4b1e-adb5-ec0620ea1c7b}</UniqueIdentifier>
    </Filter>
    <Filter Include="scene\RoomList">
      <UniqueIdentifier>{5a703147-47c2-4fdc-9402-883cc1e3093b}</UniqueIdentifier>
    </Filter>
    <Filter Include="scene\ModeChoose">
      <UniqueIdentifier>{9f846b8f-7653-48ac-82de-ce26c4fd4a2f}</UniqueIdentifier>
    </Filter>
    <Filter Include="scene\OneVsOne">
      <UniqueIdentifier>{7102ba71-fc62-4012-a433-a11ebf0cae4a}</UniqueIdentifier>
    </Filter>
    <Filter Include="scene\OneVsOneVsOne">
      <UniqueIdentifier>{f2b9175e-ce47-4ca8-8e0b-dda2486cb258}</UniqueIdentifier>
    </Filter>
    <Filter Include="scene\TwoVsTwo">
      <UniqueIdentifier>{62dbfb6f-1b51-47ad-8410-155bab543553}</UniqueIdentifier>
    </Filter>
  </ItemGroup>
  <ItemGroup>
    <ClCompile Include="main.cpp">
      <Filter>win32</Filter>
    </ClCompile>
    <ClCompile Include="..\Classes\AppDelegate.cpp">
      <Filter>src</Filter>
    </ClCompile>
    <ClCompile Include="..\Classes\HelloWorldScene.cpp">
      <Filter>src</Filter>
    </ClCompile>
    <ClCompile Include="TOLLScene.cpp">
      <Filter>scene\grade</Filter>
    </ClCompile>
    <ClCompile Include="MusicSetting.cpp">
      <Filter>scene\music</Filter>
    </ClCompile>
    <ClCompile Include="InputName.cpp">
      <Filter>scene\InputName</Filter>
    </ClCompile>
    <ClCompile Include="NetMenu.cpp">
      <Filter>scene\NetMenu</Filter>
    </ClCompile>
    <ClCompile Include="Room.cpp">
      <Filter>scene\Room</Filter>
    </ClCompile>
    <ClCompile Include="RoomList.cpp">
      <Filter>scene\RoomList</Filter>
    </ClCompile>
    <ClCompile Include="ModeChoose.cpp">
      <Filter>scene\ModeChoose</Filter>
    </ClCompile>
    <ClCompile Include="OneVsOne.cpp">
      <Filter>scene\OneVsOne</Filter>
    </ClCompile>
    <ClCompile Include="OneVsOneVsOne.cpp">
      <Filter>scene\OneVsOneVsOne</Filter>
    </ClCompile>
    <ClCompile Include="TwoVsTwo.cpp">
      <Filter>scene\TwoVsTwo</Filter>
    </ClCompile>
  </ItemGroup>
  <ItemGroup>
    <ClInclude Include="main.h">
      <Filter>win32</Filter>
    </ClInclude>
    <ClInclude Include="..\Classes\AppDelegate.h">
      <Filter>src</Filter>
    </ClInclude>
    <ClInclude Include="..\Classes\HelloWorldScene.h">
      <Filter>src</Filter>
    </ClInclude>
    <ClInclude Include="TOLLScene.h">
      <Filter>scene\grade</Filter>
    </ClInclude>
    <ClInclude Include="MusicSetting.h">
      <Filter>scene\music</Filter>
    </ClInclude>
    <ClInclude Include="InputName.h">
      <Filter>scene\InputName</Filter>
    </ClInclude>
    <ClInclude Include="NetMenu.h">
      <Filter>scene\NetMenu</Filter>
    </ClInclude>
    <ClInclude Include="Room.h">
      <Filter>scene\Room</Filter>
    </ClInclude>
    <ClInclude Include="RoomList.h">
      <Filter>scene\RoomList</Filter>
    </ClInclude>
    <ClInclude Include="ModeChoose.h">
      <Filter>scene\ModeChoose</Filter>
    </ClInclude>
    <ClInclude Include="OneVsOne.h">
      <Filter>scene\OneVsOne</Filter>
    </ClInclude>
    <ClInclude Include="OneVsOneVsOne.h">
      <Filter>scene\OneVsOneVsOne</Filter>
    </ClInclude>
    <ClInclude Include="TwoVsTwo.h">
      <Filter>scene\TwoVsTwo</Filter>
    </ClInclude>
  </ItemGroup>
  <ItemGroup>
    <ResourceCompile Include="game.rc">
      <Filter>resource</Filter>
    </ResourceCompile>
  </ItemGroup>
</Project>